// !$*UTF8*$!
{
	archiveVersion = 1;
	classes = {
	};
	objectVersion = 56;
	objects = {

/* Begin PBXBuildFile section */
		AE4575982A08D5DD0003E19D /* epgApp.swift in Sources */ = {isa = PBXBuildFile; fileRef = AE4575972A08D5DD0003E19D /* epgApp.swift */; };
		AE45759A2A08D5DD0003E19D /* ChannelsListView.swift in Sources */ = {isa = PBXBuildFile; fileRef = AE4575992A08D5DD0003E19D /* ChannelsListView.swift */; };
		AE45759C2A08D5DE0003E19D /* Assets.xcassets in Resources */ = {isa = PBXBuildFile; fileRef = AE45759B2A08D5DE0003E19D /* Assets.xcassets */; };
		AE4575A02A08D5DE0003E19D /* Preview Assets.xcassets in Resources */ = {isa = PBXBuildFile; fileRef = AE45759F2A08D5DE0003E19D /* Preview Assets.xcassets */; };
		AE4575AA2A08D5DE0003E19D /* epgTests.swift in Sources */ = {isa = PBXBuildFile; fileRef = AE4575A92A08D5DE0003E19D /* epgTests.swift */; };
		AE4575B42A08D5DE0003E19D /* epgUITests.swift in Sources */ = {isa = PBXBuildFile; fileRef = AE4575B32A08D5DE0003E19D /* epgUITests.swift */; };
		AE4575B62A08D5DE0003E19D /* epgUITestsLaunchTests.swift in Sources */ = {isa = PBXBuildFile; fileRef = AE4575B52A08D5DE0003E19D /* epgUITestsLaunchTests.swift */; };
		AE4575C92A08D6F10003E19D /* Store.swift in Sources */ = {isa = PBXBuildFile; fileRef = AE4575C82A08D6F10003E19D /* Store.swift */; };
		AE4575DE2A0904530003E19D /* View+embedInNavigationView.swift in Sources */ = {isa = PBXBuildFile; fileRef = AE4575DD2A0904530003E19D /* View+embedInNavigationView.swift */; };
		AE4575E02A0904B50003E19D /* String+Extensions.swift in Sources */ = {isa = PBXBuildFile; fileRef = AE4575DF2A0904B50003E19D /* String+Extensions.swift */; };
		AE4575E72A0911DD0003E19D /* epg.xml.gz in Resources */ = {isa = PBXBuildFile; fileRef = AE4575E62A0911DD0003E19D /* epg.xml.gz */; };
		AE4575EA2A091BF70003E19D /* XMLCoder in Frameworks */ = {isa = PBXBuildFile; productRef = AE4575E92A091BF70003E19D /* XMLCoder */; };
		AE4575EE2A0921510003E19D /* Epg.swift in Sources */ = {isa = PBXBuildFile; fileRef = AE4575ED2A0921510003E19D /* Epg.swift */; };
		AE4575F02A0921880003E19D /* Channel.swift in Sources */ = {isa = PBXBuildFile; fileRef = AE4575EF2A0921880003E19D /* Channel.swift */; };
		AE4575F22A0921A90003E19D /* EpgEntry.swift in Sources */ = {isa = PBXBuildFile; fileRef = AE4575F12A0921A90003E19D /* EpgEntry.swift */; };
		AE4575F42A0923000003E19D /* Bundle+data.swift in Sources */ = {isa = PBXBuildFile; fileRef = AE4575F32A0923000003E19D /* Bundle+data.swift */; };
		AE4575F62A0929D60003E19D /* EpgMiddleware.swift in Sources */ = {isa = PBXBuildFile; fileRef = AE4575F52A0929D60003E19D /* EpgMiddleware.swift */; };
		AE4575FB2A092ED20003E19D /* EpgService.swift in Sources */ = {isa = PBXBuildFile; fileRef = AE4575FA2A092ED20003E19D /* EpgService.swift */; };
		AE4575FD2A093BA50003E19D /* ChannelCell.swift in Sources */ = {isa = PBXBuildFile; fileRef = AE4575FC2A093BA50003E19D /* ChannelCell.swift */; };
		AE45763F2A094FF60003E19D /* EpgModel.xcdatamodeld in Sources */ = {isa = PBXBuildFile; fileRef = AE45763D2A094FF60003E19D /* EpgModel.xcdatamodeld */; };
		AE4576462A0957520003E19D /* ChannelDataSource.swift in Sources */ = {isa = PBXBuildFile; fileRef = AE4576452A0957520003E19D /* ChannelDataSource.swift */; };
		AE4576482A09581C0003E19D /* CoreDataDataSource.swift in Sources */ = {isa = PBXBuildFile; fileRef = AE4576472A09581C0003E19D /* CoreDataDataSource.swift */; };
		AE45764B2A095D000003E19D /* ChannelRepository.swift in Sources */ = {isa = PBXBuildFile; fileRef = AE45764A2A095D000003E19D /* ChannelRepository.swift */; };
		AE45764E2A095DD10003E19D /* ChannelRepositoryImpl.swift in Sources */ = {isa = PBXBuildFile; fileRef = AE45764D2A095DD10003E19D /* ChannelRepositoryImpl.swift */; };
		AE4576502A0976800003E19D /* PersistenceMiddleware.swift in Sources */ = {isa = PBXBuildFile; fileRef = AE45764F2A0976800003E19D /* PersistenceMiddleware.swift */; };
		AE4576632A0A0D6E0003E19D /* ChannelDetailsView.swift in Sources */ = {isa = PBXBuildFile; fileRef = AE4576622A0A0D6E0003E19D /* ChannelDetailsView.swift */; };
		AE5199FB2A0BDF3B00D701E7 /* TVSettingsView.swift in Sources */ = {isa = PBXBuildFile; fileRef = AE5199FA2A0BDF3B00D701E7 /* TVSettingsView.swift */; };
		AE5199FE2A0BF29500D701E7 /* TVWallpaperView.swift in Sources */ = {isa = PBXBuildFile; fileRef = AE5199FD2A0BF29500D701E7 /* TVWallpaperView.swift */; };
		AE519A042A0CCF8E00D701E7 /* ChannelsDomain.swift in Sources */ = {isa = PBXBuildFile; fileRef = AE519A032A0CCF8E00D701E7 /* ChannelsDomain.swift */; };
		AE519A062A0CD36C00D701E7 /* ChannelDetailsDomain.swift in Sources */ = {isa = PBXBuildFile; fileRef = AE519A052A0CD36C00D701E7 /* ChannelDetailsDomain.swift */; };
		AE519A082A0CDA1D00D701E7 /* AppDomain.swift in Sources */ = {isa = PBXBuildFile; fileRef = AE519A072A0CDA1D00D701E7 /* AppDomain.swift */; };
		AE519A0B2A0CDFCD00D701E7 /* NukeUI in Frameworks */ = {isa = PBXBuildFile; productRef = AE519A0A2A0CDFCD00D701E7 /* NukeUI */; };
		AE519A0E2A0CEB4100D701E7 /* Icon+size.swift in Sources */ = {isa = PBXBuildFile; fileRef = AE519A0D2A0CEB4100D701E7 /* Icon+size.swift */; };
		AE519A102A0CEB8C00D701E7 /* URL+fallback.swift in Sources */ = {isa = PBXBuildFile; fileRef = AE519A0F2A0CEB8C00D701E7 /* URL+fallback.swift */; };
		AE869A352A0A17EE00C5D2C2 /* Result+value.swift in Sources */ = {isa = PBXBuildFile; fileRef = AE869A342A0A17EE00C5D2C2 /* Result+value.swift */; };
		AE869A392A0A29A300C5D2C2 /* EpgRepository.swift in Sources */ = {isa = PBXBuildFile; fileRef = AE869A382A0A29A200C5D2C2 /* EpgRepository.swift */; };
		AE869A3B2A0A2A2000C5D2C2 /* EpgRepositoryImpl.swift in Sources */ = {isa = PBXBuildFile; fileRef = AE869A3A2A0A2A2000C5D2C2 /* EpgRepositoryImpl.swift */; };
		AE869A3D2A0A2A8B00C5D2C2 /* EpgDataSource.swift in Sources */ = {isa = PBXBuildFile; fileRef = AE869A3C2A0A2A8B00C5D2C2 /* EpgDataSource.swift */; };
		AE869A412A0A417800C5D2C2 /* AppDelegate.swift in Sources */ = {isa = PBXBuildFile; fileRef = AE869A402A0A417800C5D2C2 /* AppDelegate.swift */; };
		AE869A452A0A504700C5D2C2 /* EpgCell.swift in Sources */ = {isa = PBXBuildFile; fileRef = AE869A442A0A504700C5D2C2 /* EpgCell.swift */; };
		AE869A4A2A0A6B8300C5D2C2 /* TVChannelsListView.swift in Sources */ = {isa = PBXBuildFile; fileRef = AE869A492A0A6B8300C5D2C2 /* TVChannelsListView.swift */; };
		AE869A882A0A759C00C5D2C2 /* TVChannelDetailsView.swift in Sources */ = {isa = PBXBuildFile; fileRef = AE869A872A0A759C00C5D2C2 /* TVChannelDetailsView.swift */; };
		AE869A8A2A0B64DF00C5D2C2 /* Icon.swift in Sources */ = {isa = PBXBuildFile; fileRef = AE869A892A0B64DF00C5D2C2 /* Icon.swift */; };
/* End PBXBuildFile section */

/* Begin PBXContainerItemProxy section */
		AE4575A62A08D5DE0003E19D /* PBXContainerItemProxy */ = {
			isa = PBXContainerItemProxy;
			containerPortal = AE45758C2A08D5DD0003E19D /* Project object */;
			proxyType = 1;
			remoteGlobalIDString = AE4575932A08D5DD0003E19D;
			remoteInfo = epg;
		};
		AE4575B02A08D5DE0003E19D /* PBXContainerItemProxy */ = {
			isa = PBXContainerItemProxy;
			containerPortal = AE45758C2A08D5DD0003E19D /* Project object */;
			proxyType = 1;
			remoteGlobalIDString = AE4575932A08D5DD0003E19D;
			remoteInfo = epg;
		};
/* End PBXContainerItemProxy section */

/* Begin PBXFileReference section */
		AE4575942A08D5DD0003E19D /* epg.app */ = {isa = PBXFileReference; explicitFileType = wrapper.application; includeInIndex = 0; path = epg.app; sourceTree = BUILT_PRODUCTS_DIR; };
		AE4575972A08D5DD0003E19D /* epgApp.swift */ = {isa = PBXFileReference; lastKnownFileType = sourcecode.swift; path = epgApp.swift; sourceTree = "<group>"; };
		AE4575992A08D5DD0003E19D /* ChannelsListView.swift */ = {isa = PBXFileReference; lastKnownFileType = sourcecode.swift; path = ChannelsListView.swift; sourceTree = "<group>"; };
		AE45759B2A08D5DE0003E19D /* Assets.xcassets */ = {isa = PBXFileReference; lastKnownFileType = folder.assetcatalog; path = Assets.xcassets; sourceTree = "<group>"; };
		AE45759D2A08D5DE0003E19D /* epg.entitlements */ = {isa = PBXFileReference; lastKnownFileType = text.plist.entitlements; path = epg.entitlements; sourceTree = "<group>"; };
		AE45759F2A08D5DE0003E19D /* Preview Assets.xcassets */ = {isa = PBXFileReference; lastKnownFileType = folder.assetcatalog; path = "Preview Assets.xcassets"; sourceTree = "<group>"; };
		AE4575A52A08D5DE0003E19D /* epgTests.xctest */ = {isa = PBXFileReference; explicitFileType = wrapper.cfbundle; includeInIndex = 0; path = epgTests.xctest; sourceTree = BUILT_PRODUCTS_DIR; };
		AE4575A92A08D5DE0003E19D /* epgTests.swift */ = {isa = PBXFileReference; lastKnownFileType = sourcecode.swift; path = epgTests.swift; sourceTree = "<group>"; };
		AE4575AF2A08D5DE0003E19D /* epgUITests.xctest */ = {isa = PBXFileReference; explicitFileType = wrapper.cfbundle; includeInIndex = 0; path = epgUITests.xctest; sourceTree = BUILT_PRODUCTS_DIR; };
		AE4575B32A08D5DE0003E19D /* epgUITests.swift */ = {isa = PBXFileReference; lastKnownFileType = sourcecode.swift; path = epgUITests.swift; sourceTree = "<group>"; };
		AE4575B52A08D5DE0003E19D /* epgUITestsLaunchTests.swift */ = {isa = PBXFileReference; lastKnownFileType = sourcecode.swift; path = epgUITestsLaunchTests.swift; sourceTree = "<group>"; };
		AE4575C82A08D6F10003E19D /* Store.swift */ = {isa = PBXFileReference; fileEncoding = 4; lastKnownFileType = sourcecode.swift; path = Store.swift; sourceTree = "<group>"; };
		AE4575DD2A0904530003E19D /* View+embedInNavigationView.swift */ = {isa = PBXFileReference; lastKnownFileType = sourcecode.swift; path = "View+embedInNavigationView.swift"; sourceTree = "<group>"; };
		AE4575DF2A0904B50003E19D /* String+Extensions.swift */ = {isa = PBXFileReference; lastKnownFileType = sourcecode.swift; path = "String+Extensions.swift"; sourceTree = "<group>"; };
		AE4575E62A0911DD0003E19D /* epg.xml.gz */ = {isa = PBXFileReference; lastKnownFileType = archive.gzip; path = epg.xml.gz; sourceTree = "<group>"; };
		AE4575ED2A0921510003E19D /* Epg.swift */ = {isa = PBXFileReference; lastKnownFileType = sourcecode.swift; path = Epg.swift; sourceTree = "<group>"; };
		AE4575EF2A0921880003E19D /* Channel.swift */ = {isa = PBXFileReference; lastKnownFileType = sourcecode.swift; path = Channel.swift; sourceTree = "<group>"; };
		AE4575F12A0921A90003E19D /* EpgEntry.swift */ = {isa = PBXFileReference; lastKnownFileType = sourcecode.swift; path = EpgEntry.swift; sourceTree = "<group>"; };
		AE4575F32A0923000003E19D /* Bundle+data.swift */ = {isa = PBXFileReference; lastKnownFileType = sourcecode.swift; path = "Bundle+data.swift"; sourceTree = "<group>"; };
		AE4575F52A0929D60003E19D /* EpgMiddleware.swift */ = {isa = PBXFileReference; lastKnownFileType = sourcecode.swift; path = EpgMiddleware.swift; sourceTree = "<group>"; };
		AE4575FA2A092ED20003E19D /* EpgService.swift */ = {isa = PBXFileReference; lastKnownFileType = sourcecode.swift; path = EpgService.swift; sourceTree = "<group>"; };
		AE4575FC2A093BA50003E19D /* ChannelCell.swift */ = {isa = PBXFileReference; lastKnownFileType = sourcecode.swift; path = ChannelCell.swift; sourceTree = "<group>"; };
		AE45763E2A094FF60003E19D /* EpgModel.xcdatamodel */ = {isa = PBXFileReference; lastKnownFileType = wrapper.xcdatamodel; path = EpgModel.xcdatamodel; sourceTree = "<group>"; };
		AE4576452A0957520003E19D /* ChannelDataSource.swift */ = {isa = PBXFileReference; lastKnownFileType = sourcecode.swift; path = ChannelDataSource.swift; sourceTree = "<group>"; };
		AE4576472A09581C0003E19D /* CoreDataDataSource.swift */ = {isa = PBXFileReference; lastKnownFileType = sourcecode.swift; path = CoreDataDataSource.swift; sourceTree = "<group>"; };
		AE45764A2A095D000003E19D /* ChannelRepository.swift */ = {isa = PBXFileReference; lastKnownFileType = sourcecode.swift; path = ChannelRepository.swift; sourceTree = "<group>"; };
		AE45764D2A095DD10003E19D /* ChannelRepositoryImpl.swift */ = {isa = PBXFileReference; lastKnownFileType = sourcecode.swift; path = ChannelRepositoryImpl.swift; sourceTree = "<group>"; };
		AE45764F2A0976800003E19D /* PersistenceMiddleware.swift */ = {isa = PBXFileReference; lastKnownFileType = sourcecode.swift; path = PersistenceMiddleware.swift; sourceTree = "<group>"; };
		AE4576622A0A0D6E0003E19D /* ChannelDetailsView.swift */ = {isa = PBXFileReference; lastKnownFileType = sourcecode.swift; path = ChannelDetailsView.swift; sourceTree = "<group>"; };
		AE5199FA2A0BDF3B00D701E7 /* TVSettingsView.swift */ = {isa = PBXFileReference; lastKnownFileType = sourcecode.swift; path = TVSettingsView.swift; sourceTree = "<group>"; };
		AE5199FD2A0BF29500D701E7 /* TVWallpaperView.swift */ = {isa = PBXFileReference; lastKnownFileType = sourcecode.swift; path = TVWallpaperView.swift; sourceTree = "<group>"; };
		AE519A032A0CCF8E00D701E7 /* ChannelsDomain.swift */ = {isa = PBXFileReference; lastKnownFileType = sourcecode.swift; path = ChannelsDomain.swift; sourceTree = "<group>"; };
		AE519A052A0CD36C00D701E7 /* ChannelDetailsDomain.swift */ = {isa = PBXFileReference; lastKnownFileType = sourcecode.swift; path = ChannelDetailsDomain.swift; sourceTree = "<group>"; };
		AE519A072A0CDA1D00D701E7 /* AppDomain.swift */ = {isa = PBXFileReference; lastKnownFileType = sourcecode.swift; path = AppDomain.swift; sourceTree = "<group>"; };
		AE519A0D2A0CEB4100D701E7 /* Icon+size.swift */ = {isa = PBXFileReference; lastKnownFileType = sourcecode.swift; path = "Icon+size.swift"; sourceTree = "<group>"; };
		AE519A0F2A0CEB8C00D701E7 /* URL+fallback.swift */ = {isa = PBXFileReference; lastKnownFileType = sourcecode.swift; path = "URL+fallback.swift"; sourceTree = "<group>"; };
		AE869A342A0A17EE00C5D2C2 /* Result+value.swift */ = {isa = PBXFileReference; lastKnownFileType = sourcecode.swift; path = "Result+value.swift"; sourceTree = "<group>"; };
		AE869A382A0A29A200C5D2C2 /* EpgRepository.swift */ = {isa = PBXFileReference; lastKnownFileType = sourcecode.swift; path = EpgRepository.swift; sourceTree = "<group>"; };
		AE869A3A2A0A2A2000C5D2C2 /* EpgRepositoryImpl.swift */ = {isa = PBXFileReference; lastKnownFileType = sourcecode.swift; path = EpgRepositoryImpl.swift; sourceTree = "<group>"; };
		AE869A3C2A0A2A8B00C5D2C2 /* EpgDataSource.swift */ = {isa = PBXFileReference; lastKnownFileType = sourcecode.swift; path = EpgDataSource.swift; sourceTree = "<group>"; };
		AE869A402A0A417800C5D2C2 /* AppDelegate.swift */ = {isa = PBXFileReference; lastKnownFileType = sourcecode.swift; path = AppDelegate.swift; sourceTree = "<group>"; };
		AE869A442A0A504700C5D2C2 /* EpgCell.swift */ = {isa = PBXFileReference; lastKnownFileType = sourcecode.swift; path = EpgCell.swift; sourceTree = "<group>"; };
		AE869A492A0A6B8300C5D2C2 /* TVChannelsListView.swift */ = {isa = PBXFileReference; lastKnownFileType = sourcecode.swift; path = TVChannelsListView.swift; sourceTree = "<group>"; };
		AE869A872A0A759C00C5D2C2 /* TVChannelDetailsView.swift */ = {isa = PBXFileReference; lastKnownFileType = sourcecode.swift; path = TVChannelDetailsView.swift; sourceTree = "<group>"; };
		AE869A892A0B64DF00C5D2C2 /* Icon.swift */ = {isa = PBXFileReference; lastKnownFileType = sourcecode.swift; path = Icon.swift; sourceTree = "<group>"; };
/* End PBXFileReference section */

/* Begin PBXFrameworksBuildPhase section */
		AE4575912A08D5DD0003E19D /* Frameworks */ = {
			isa = PBXFrameworksBuildPhase;
			buildActionMask = 2147483647;
			files = (
				AE4575EA2A091BF70003E19D /* XMLCoder in Frameworks */,
				AE519A0B2A0CDFCD00D701E7 /* NukeUI in Frameworks */,
			);
			runOnlyForDeploymentPostprocessing = 0;
		};
		AE4575A22A08D5DE0003E19D /* Frameworks */ = {
			isa = PBXFrameworksBuildPhase;
			buildActionMask = 2147483647;
			files = (
			);
			runOnlyForDeploymentPostprocessing = 0;
		};
		AE4575AC2A08D5DE0003E19D /* Frameworks */ = {
			isa = PBXFrameworksBuildPhase;
			buildActionMask = 2147483647;
			files = (
			);
			runOnlyForDeploymentPostprocessing = 0;
		};
/* End PBXFrameworksBuildPhase section */

/* Begin PBXGroup section */
		AE45758B2A08D5DD0003E19D = {
			isa = PBXGroup;
			children = (
				AE4575962A08D5DD0003E19D /* epg */,
				AE4575A82A08D5DE0003E19D /* epgTests */,
				AE4575B22A08D5DE0003E19D /* epgUITests */,
				AE4575952A08D5DD0003E19D /* Products */,
			);
			sourceTree = "<group>";
		};
		AE4575952A08D5DD0003E19D /* Products */ = {
			isa = PBXGroup;
			children = (
				AE4575942A08D5DD0003E19D /* epg.app */,
				AE4575A52A08D5DE0003E19D /* epgTests.xctest */,
				AE4575AF2A08D5DE0003E19D /* epgUITests.xctest */,
			);
			name = Products;
			sourceTree = "<group>";
		};
		AE4575962A08D5DD0003E19D /* epg */ = {
			isa = PBXGroup;
			children = (
				AE4576412A0953FC0003E19D /* presentation */,
				AE4576402A0953F10003E19D /* domain */,
				AE4575EB2A0921200003E19D /* data */,
				AE4575E52A0911B00003E19D /* Resources */,
				AE4575DC2A0904380003E19D /* Extensions */,
				AE4575972A08D5DD0003E19D /* epgApp.swift */,
				AE869A402A0A417800C5D2C2 /* AppDelegate.swift */,
				AE45759B2A08D5DE0003E19D /* Assets.xcassets */,
				AE45759D2A08D5DE0003E19D /* epg.entitlements */,
				AE45759E2A08D5DE0003E19D /* Preview Content */,
			);
			path = epg;
			sourceTree = "<group>";
		};
		AE45759E2A08D5DE0003E19D /* Preview Content */ = {
			isa = PBXGroup;
			children = (
				AE45759F2A08D5DE0003E19D /* Preview Assets.xcassets */,
			);
			path = "Preview Content";
			sourceTree = "<group>";
		};
		AE4575A82A08D5DE0003E19D /* epgTests */ = {
			isa = PBXGroup;
			children = (
				AE4575A92A08D5DE0003E19D /* epgTests.swift */,
			);
			path = epgTests;
			sourceTree = "<group>";
		};
		AE4575B22A08D5DE0003E19D /* epgUITests */ = {
			isa = PBXGroup;
			children = (
				AE4575B32A08D5DE0003E19D /* epgUITests.swift */,
				AE4575B52A08D5DE0003E19D /* epgUITestsLaunchTests.swift */,
			);
			path = epgUITests;
			sourceTree = "<group>";
		};
		AE4575C72A08D6F10003E19D /* store */ = {
			isa = PBXGroup;
			children = (
				AE519A022A0CCF5000D701E7 /* domains */,
				AE4575D72A08FB4E0003E19D /* Middlewares */,
				AE4575C82A08D6F10003E19D /* Store.swift */,
			);
			path = store;
			sourceTree = "<group>";
		};
		AE4575D72A08FB4E0003E19D /* Middlewares */ = {
			isa = PBXGroup;
			children = (
				AE4575F52A0929D60003E19D /* EpgMiddleware.swift */,
				AE45764F2A0976800003E19D /* PersistenceMiddleware.swift */,
			);
			path = Middlewares;
			sourceTree = "<group>";
		};
		AE4575DC2A0904380003E19D /* Extensions */ = {
			isa = PBXGroup;
			children = (
				AE4575DD2A0904530003E19D /* View+embedInNavigationView.swift */,
				AE4575DF2A0904B50003E19D /* String+Extensions.swift */,
				AE4575F32A0923000003E19D /* Bundle+data.swift */,
				AE869A342A0A17EE00C5D2C2 /* Result+value.swift */,
			);
			path = Extensions;
			sourceTree = "<group>";
		};
		AE4575E52A0911B00003E19D /* Resources */ = {
			isa = PBXGroup;
			children = (
				AE4575E62A0911DD0003E19D /* epg.xml.gz */,
			);
			path = Resources;
			sourceTree = "<group>";
		};
		AE4575EB2A0921200003E19D /* data */ = {
			isa = PBXGroup;
			children = (
				AE45764C2A095DB60003E19D /* repository */,
				AE45763A2A094F690003E19D /* datasource */,
			);
			path = data;
			sourceTree = "<group>";
		};
		AE4575EC2A09212C0003E19D /* model */ = {
			isa = PBXGroup;
			children = (
				AE4575ED2A0921510003E19D /* Epg.swift */,
				AE4575F12A0921A90003E19D /* EpgEntry.swift */,
				AE4575EF2A0921880003E19D /* Channel.swift */,
				AE869A892A0B64DF00C5D2C2 /* Icon.swift */,
			);
			path = model;
			sourceTree = "<group>";
		};
		AE4575F92A092EC20003E19D /* web */ = {
			isa = PBXGroup;
			children = (
				AE4575FA2A092ED20003E19D /* EpgService.swift */,
			);
			path = web;
			sourceTree = "<group>";
		};
		AE45763A2A094F690003E19D /* datasource */ = {
			isa = PBXGroup;
			children = (
				AE4576442A0956F50003E19D /* coredata */,
				AE4575F92A092EC20003E19D /* web */,
				AE4576452A0957520003E19D /* ChannelDataSource.swift */,
				AE869A3C2A0A2A8B00C5D2C2 /* EpgDataSource.swift */,
			);
			path = datasource;
			sourceTree = "<group>";
		};
		AE4576402A0953F10003E19D /* domain */ = {
			isa = PBXGroup;
			children = (
				AE4576492A095CE90003E19D /* repository */,
				AE4575C72A08D6F10003E19D /* store */,
				AE4575EC2A09212C0003E19D /* model */,
			);
			path = domain;
			sourceTree = "<group>";
		};
		AE4576412A0953FC0003E19D /* presentation */ = {
			isa = PBXGroup;
			children = (
				AE869A472A0A6B6000C5D2C2 /* tv */,
				AE869A462A0A6B4200C5D2C2 /* mobile */,
				AE519A0C2A0CEB0E00D701E7 /* utilities */,
			);
			path = presentation;
			sourceTree = "<group>";
		};
		AE4576432A09553A0003E19D /* channels */ = {
			isa = PBXGroup;
			children = (
				AE4575992A08D5DD0003E19D /* ChannelsListView.swift */,
				AE4575FC2A093BA50003E19D /* ChannelCell.swift */,
			);
			path = channels;
			sourceTree = "<group>";
		};
		AE4576442A0956F50003E19D /* coredata */ = {
			isa = PBXGroup;
			children = (
				AE45763D2A094FF60003E19D /* EpgModel.xcdatamodeld */,
				AE4576472A09581C0003E19D /* CoreDataDataSource.swift */,
			);
			path = coredata;
			sourceTree = "<group>";
		};
		AE4576492A095CE90003E19D /* repository */ = {
			isa = PBXGroup;
			children = (
				AE45764A2A095D000003E19D /* ChannelRepository.swift */,
				AE869A382A0A29A200C5D2C2 /* EpgRepository.swift */,
			);
			path = repository;
			sourceTree = "<group>";
		};
		AE45764C2A095DB60003E19D /* repository */ = {
			isa = PBXGroup;
			children = (
				AE45764D2A095DD10003E19D /* ChannelRepositoryImpl.swift */,
				AE869A3A2A0A2A2000C5D2C2 /* EpgRepositoryImpl.swift */,
			);
			path = repository;
			sourceTree = "<group>";
		};
		AE4576612A0A0D4A0003E19D /* channeldetails */ = {
			isa = PBXGroup;
			children = (
				AE4576622A0A0D6E0003E19D /* ChannelDetailsView.swift */,
				AE869A442A0A504700C5D2C2 /* EpgCell.swift */,
			);
			path = channeldetails;
			sourceTree = "<group>";
		};
		AE5199F92A0BDF3200D701E7 /* settings */ = {
			isa = PBXGroup;
			children = (
				AE5199FA2A0BDF3B00D701E7 /* TVSettingsView.swift */,
			);
			path = settings;
			sourceTree = "<group>";
		};
		AE5199FC2A0BF28300D701E7 /* wallpaper */ = {
			isa = PBXGroup;
			children = (
				AE5199FD2A0BF29500D701E7 /* TVWallpaperView.swift */,
			);
			path = wallpaper;
			sourceTree = "<group>";
		};
		AE519A022A0CCF5000D701E7 /* domains */ = {
			isa = PBXGroup;
			children = (
				AE519A072A0CDA1D00D701E7 /* AppDomain.swift */,
				AE519A032A0CCF8E00D701E7 /* ChannelsDomain.swift */,
				AE519A052A0CD36C00D701E7 /* ChannelDetailsDomain.swift */,
			);
			path = domains;
			sourceTree = "<group>";
		};
		AE519A0C2A0CEB0E00D701E7 /* utilities */ = {
			isa = PBXGroup;
			children = (
				AE519A0D2A0CEB4100D701E7 /* Icon+size.swift */,
				AE519A0F2A0CEB8C00D701E7 /* URL+fallback.swift */,
			);
			path = utilities;
			sourceTree = "<group>";
		};
		AE869A462A0A6B4200C5D2C2 /* mobile */ = {
			isa = PBXGroup;
			children = (
				AE4576432A09553A0003E19D /* channels */,
				AE4576612A0A0D4A0003E19D /* channeldetails */,
			);
			path = mobile;
			sourceTree = "<group>";
		};
		AE869A472A0A6B6000C5D2C2 /* tv */ = {
			isa = PBXGroup;
			children = (
				AE5199F92A0BDF3200D701E7 /* settings */,
				AE5199FC2A0BF28300D701E7 /* wallpaper */,
				AE869A482A0A6B6D00C5D2C2 /* channels */,
				AE869A862A0A757500C5D2C2 /* channeldetails */,
			);
			path = tv;
			sourceTree = "<group>";
		};
		AE869A482A0A6B6D00C5D2C2 /* channels */ = {
			isa = PBXGroup;
			children = (
				AE869A492A0A6B8300C5D2C2 /* TVChannelsListView.swift */,
			);
			path = channels;
			sourceTree = "<group>";
		};
		AE869A862A0A757500C5D2C2 /* channeldetails */ = {
			isa = PBXGroup;
			children = (
				AE869A872A0A759C00C5D2C2 /* TVChannelDetailsView.swift */,
			);
			path = channeldetails;
			sourceTree = "<group>";
		};
/* End PBXGroup section */

/* Begin PBXNativeTarget section */
		AE4575932A08D5DD0003E19D /* epg */ = {
			isa = PBXNativeTarget;
			buildConfigurationList = AE4575B92A08D5DE0003E19D /* Build configuration list for PBXNativeTarget "epg" */;
			buildPhases = (
				AE4575902A08D5DD0003E19D /* Sources */,
				AE4575912A08D5DD0003E19D /* Frameworks */,
				AE4575922A08D5DD0003E19D /* Resources */,
			);
			buildRules = (
			);
			dependencies = (
			);
			name = epg;
			packageProductDependencies = (
				AE4575E92A091BF70003E19D /* XMLCoder */,
				AE519A0A2A0CDFCD00D701E7 /* NukeUI */,
			);
			productName = epg;
			productReference = AE4575942A08D5DD0003E19D /* epg.app */;
			productType = "com.apple.product-type.application";
		};
		AE4575A42A08D5DE0003E19D /* epgTests */ = {
			isa = PBXNativeTarget;
			buildConfigurationList = AE4575BC2A08D5DE0003E19D /* Build configuration list for PBXNativeTarget "epgTests" */;
			buildPhases = (
				AE4575A12A08D5DE0003E19D /* Sources */,
				AE4575A22A08D5DE0003E19D /* Frameworks */,
				AE4575A32A08D5DE0003E19D /* Resources */,
			);
			buildRules = (
			);
			dependencies = (
				AE4575A72A08D5DE0003E19D /* PBXTargetDependency */,
			);
			name = epgTests;
			productName = epgTests;
			productReference = AE4575A52A08D5DE0003E19D /* epgTests.xctest */;
			productType = "com.apple.product-type.bundle.unit-test";
		};
		AE4575AE2A08D5DE0003E19D /* epgUITests */ = {
			isa = PBXNativeTarget;
			buildConfigurationList = AE4575BF2A08D5DE0003E19D /* Build configuration list for PBXNativeTarget "epgUITests" */;
			buildPhases = (
				AE4575AB2A08D5DE0003E19D /* Sources */,
				AE4575AC2A08D5DE0003E19D /* Frameworks */,
				AE4575AD2A08D5DE0003E19D /* Resources */,
			);
			buildRules = (
			);
			dependencies = (
				AE4575B12A08D5DE0003E19D /* PBXTargetDependency */,
			);
			name = epgUITests;
			productName = epgUITests;
			productReference = AE4575AF2A08D5DE0003E19D /* epgUITests.xctest */;
			productType = "com.apple.product-type.bundle.ui-testing";
		};
/* End PBXNativeTarget section */

/* Begin PBXProject section */
		AE45758C2A08D5DD0003E19D /* Project object */ = {
			isa = PBXProject;
			attributes = {
				BuildIndependentTargetsInParallel = 1;
				LastSwiftUpdateCheck = 1430;
				LastUpgradeCheck = 1430;
				TargetAttributes = {
					AE4575932A08D5DD0003E19D = {
						CreatedOnToolsVersion = 14.3;
					};
					AE4575A42A08D5DE0003E19D = {
						CreatedOnToolsVersion = 14.3;
						TestTargetID = AE4575932A08D5DD0003E19D;
					};
					AE4575AE2A08D5DE0003E19D = {
						CreatedOnToolsVersion = 14.3;
						TestTargetID = AE4575932A08D5DD0003E19D;
					};
				};
			};
			buildConfigurationList = AE45758F2A08D5DD0003E19D /* Build configuration list for PBXProject "epg" */;
			compatibilityVersion = "Xcode 14.0";
			developmentRegion = en;
			hasScannedForEncodings = 0;
			knownRegions = (
				en,
				Base,
			);
			mainGroup = AE45758B2A08D5DD0003E19D;
			packageReferences = (
				AE4575E82A091BF70003E19D /* XCRemoteSwiftPackageReference "XMLCoder" */,
				AE519A092A0CDFCD00D701E7 /* XCRemoteSwiftPackageReference "Nuke" */,
			);
			productRefGroup = AE4575952A08D5DD0003E19D /* Products */;
			projectDirPath = "";
			projectRoot = "";
			targets = (
				AE4575932A08D5DD0003E19D /* epg */,
				AE4575A42A08D5DE0003E19D /* epgTests */,
				AE4575AE2A08D5DE0003E19D /* epgUITests */,
			);
		};
/* End PBXProject section */

/* Begin PBXResourcesBuildPhase section */
		AE4575922A08D5DD0003E19D /* Resources */ = {
			isa = PBXResourcesBuildPhase;
			buildActionMask = 2147483647;
			files = (
				AE4575E72A0911DD0003E19D /* epg.xml.gz in Resources */,
				AE4575A02A08D5DE0003E19D /* Preview Assets.xcassets in Resources */,
				AE45759C2A08D5DE0003E19D /* Assets.xcassets in Resources */,
			);
			runOnlyForDeploymentPostprocessing = 0;
		};
		AE4575A32A08D5DE0003E19D /* Resources */ = {
			isa = PBXResourcesBuildPhase;
			buildActionMask = 2147483647;
			files = (
			);
			runOnlyForDeploymentPostprocessing = 0;
		};
		AE4575AD2A08D5DE0003E19D /* Resources */ = {
			isa = PBXResourcesBuildPhase;
			buildActionMask = 2147483647;
			files = (
			);
			runOnlyForDeploymentPostprocessing = 0;
		};
/* End PBXResourcesBuildPhase section */

/* Begin PBXSourcesBuildPhase section */
		AE4575902A08D5DD0003E19D /* Sources */ = {
			isa = PBXSourcesBuildPhase;
			buildActionMask = 2147483647;
			files = (
				AE4575EE2A0921510003E19D /* Epg.swift in Sources */,
				AE45764E2A095DD10003E19D /* ChannelRepositoryImpl.swift in Sources */,
				AE519A042A0CCF8E00D701E7 /* ChannelsDomain.swift in Sources */,
				AE4575FD2A093BA50003E19D /* ChannelCell.swift in Sources */,
				AE4575F22A0921A90003E19D /* EpgEntry.swift in Sources */,
				AE4575F02A0921880003E19D /* Channel.swift in Sources */,
				AE869A392A0A29A300C5D2C2 /* EpgRepository.swift in Sources */,
				AE869A3B2A0A2A2000C5D2C2 /* EpgRepositoryImpl.swift in Sources */,
				AE869A452A0A504700C5D2C2 /* EpgCell.swift in Sources */,
				AE4575C92A08D6F10003E19D /* Store.swift in Sources */,
				AE4576462A0957520003E19D /* ChannelDataSource.swift in Sources */,
				AE45763F2A094FF60003E19D /* EpgModel.xcdatamodeld in Sources */,
				AE869A412A0A417800C5D2C2 /* AppDelegate.swift in Sources */,
				AE45759A2A08D5DD0003E19D /* ChannelsListView.swift in Sources */,
				AE4575E02A0904B50003E19D /* String+Extensions.swift in Sources */,
				AE869A882A0A759C00C5D2C2 /* TVChannelDetailsView.swift in Sources */,
				AE4575FB2A092ED20003E19D /* EpgService.swift in Sources */,
				AE4575982A08D5DD0003E19D /* epgApp.swift in Sources */,
				AE4575DE2A0904530003E19D /* View+embedInNavigationView.swift in Sources */,
				AE869A8A2A0B64DF00C5D2C2 /* Icon.swift in Sources */,
				AE869A4A2A0A6B8300C5D2C2 /* TVChannelsListView.swift in Sources */,
				AE45764B2A095D000003E19D /* ChannelRepository.swift in Sources */,
				AE869A352A0A17EE00C5D2C2 /* Result+value.swift in Sources */,
				AE519A082A0CDA1D00D701E7 /* AppDomain.swift in Sources */,
				AE4576502A0976800003E19D /* PersistenceMiddleware.swift in Sources */,
				AE519A0E2A0CEB4100D701E7 /* Icon+size.swift in Sources */,
				AE5199FB2A0BDF3B00D701E7 /* TVSettingsView.swift in Sources */,
				AE519A102A0CEB8C00D701E7 /* URL+fallback.swift in Sources */,
				AE4576632A0A0D6E0003E19D /* ChannelDetailsView.swift in Sources */,
				AE4575F62A0929D60003E19D /* EpgMiddleware.swift in Sources */,
				AE519A062A0CD36C00D701E7 /* ChannelDetailsDomain.swift in Sources */,
				AE4576482A09581C0003E19D /* CoreDataDataSource.swift in Sources */,
				AE4575F42A0923000003E19D /* Bundle+data.swift in Sources */,
				AE869A3D2A0A2A8B00C5D2C2 /* EpgDataSource.swift in Sources */,
				AE5199FE2A0BF29500D701E7 /* TVWallpaperView.swift in Sources */,
			);
			runOnlyForDeploymentPostprocessing = 0;
		};
		AE4575A12A08D5DE0003E19D /* Sources */ = {
			isa = PBXSourcesBuildPhase;
			buildActionMask = 2147483647;
			files = (
				AE4575AA2A08D5DE0003E19D /* epgTests.swift in Sources */,
			);
			runOnlyForDeploymentPostprocessing = 0;
		};
		AE4575AB2A08D5DE0003E19D /* Sources */ = {
			isa = PBXSourcesBuildPhase;
			buildActionMask = 2147483647;
			files = (
				AE4575B42A08D5DE0003E19D /* epgUITests.swift in Sources */,
				AE4575B62A08D5DE0003E19D /* epgUITestsLaunchTests.swift in Sources */,
			);
			runOnlyForDeploymentPostprocessing = 0;
		};
/* End PBXSourcesBuildPhase section */

/* Begin PBXTargetDependency section */
		AE4575A72A08D5DE0003E19D /* PBXTargetDependency */ = {
			isa = PBXTargetDependency;
			target = AE4575932A08D5DD0003E19D /* epg */;
			targetProxy = AE4575A62A08D5DE0003E19D /* PBXContainerItemProxy */;
		};
		AE4575B12A08D5DE0003E19D /* PBXTargetDependency */ = {
			isa = PBXTargetDependency;
			target = AE4575932A08D5DD0003E19D /* epg */;
			targetProxy = AE4575B02A08D5DE0003E19D /* PBXContainerItemProxy */;
		};
/* End PBXTargetDependency section */

/* Begin XCBuildConfiguration section */
		AE4575B72A08D5DE0003E19D /* Debug */ = {
			isa = XCBuildConfiguration;
			buildSettings = {
				ALWAYS_SEARCH_USER_PATHS = NO;
				CLANG_ANALYZER_NONNULL = YES;
				CLANG_ANALYZER_NUMBER_OBJECT_CONVERSION = YES_AGGRESSIVE;
				CLANG_CXX_LANGUAGE_STANDARD = "gnu++20";
				CLANG_ENABLE_MODULES = YES;
				CLANG_ENABLE_OBJC_ARC = YES;
				CLANG_ENABLE_OBJC_WEAK = YES;
				CLANG_WARN_BLOCK_CAPTURE_AUTORELEASING = YES;
				CLANG_WARN_BOOL_CONVERSION = YES;
				CLANG_WARN_COMMA = YES;
				CLANG_WARN_CONSTANT_CONVERSION = YES;
				CLANG_WARN_DEPRECATED_OBJC_IMPLEMENTATIONS = YES;
				CLANG_WARN_DIRECT_OBJC_ISA_USAGE = YES_ERROR;
				CLANG_WARN_DOCUMENTATION_COMMENTS = YES;
				CLANG_WARN_EMPTY_BODY = YES;
				CLANG_WARN_ENUM_CONVERSION = YES;
				CLANG_WARN_INFINITE_RECURSION = YES;
				CLANG_WARN_INT_CONVERSION = YES;
				CLANG_WARN_NON_LITERAL_NULL_CONVERSION = YES;
				CLANG_WARN_OBJC_IMPLICIT_RETAIN_SELF = YES;
				CLANG_WARN_OBJC_LITERAL_CONVERSION = YES;
				CLANG_WARN_OBJC_ROOT_CLASS = YES_ERROR;
				CLANG_WARN_QUOTED_INCLUDE_IN_FRAMEWORK_HEADER = YES;
				CLANG_WARN_RANGE_LOOP_ANALYSIS = YES;
				CLANG_WARN_STRICT_PROTOTYPES = YES;
				CLANG_WARN_SUSPICIOUS_MOVE = YES;
				CLANG_WARN_UNGUARDED_AVAILABILITY = YES_AGGRESSIVE;
				CLANG_WARN_UNREACHABLE_CODE = YES;
				CLANG_WARN__DUPLICATE_METHOD_MATCH = YES;
				COPY_PHASE_STRIP = NO;
				DEBUG_INFORMATION_FORMAT = dwarf;
				ENABLE_STRICT_OBJC_MSGSEND = YES;
				ENABLE_TESTABILITY = YES;
				GCC_C_LANGUAGE_STANDARD = gnu11;
				GCC_DYNAMIC_NO_PIC = NO;
				GCC_NO_COMMON_BLOCKS = YES;
				GCC_OPTIMIZATION_LEVEL = 0;
				GCC_PREPROCESSOR_DEFINITIONS = (
					"DEBUG=1",
					"$(inherited)",
				);
				GCC_WARN_64_TO_32_BIT_CONVERSION = YES;
				GCC_WARN_ABOUT_RETURN_TYPE = YES_ERROR;
				GCC_WARN_UNDECLARED_SELECTOR = YES;
				GCC_WARN_UNINITIALIZED_AUTOS = YES_AGGRESSIVE;
				GCC_WARN_UNUSED_FUNCTION = YES;
				GCC_WARN_UNUSED_VARIABLE = YES;
				MTL_ENABLE_DEBUG_INFO = INCLUDE_SOURCE;
				MTL_FAST_MATH = YES;
				ONLY_ACTIVE_ARCH = YES;
				SWIFT_ACTIVE_COMPILATION_CONDITIONS = DEBUG;
				SWIFT_OPTIMIZATION_LEVEL = "-Onone";
			};
			name = Debug;
		};
		AE4575B82A08D5DE0003E19D /* Release */ = {
			isa = XCBuildConfiguration;
			buildSettings = {
				ALWAYS_SEARCH_USER_PATHS = NO;
				CLANG_ANALYZER_NONNULL = YES;
				CLANG_ANALYZER_NUMBER_OBJECT_CONVERSION = YES_AGGRESSIVE;
				CLANG_CXX_LANGUAGE_STANDARD = "gnu++20";
				CLANG_ENABLE_MODULES = YES;
				CLANG_ENABLE_OBJC_ARC = YES;
				CLANG_ENABLE_OBJC_WEAK = YES;
				CLANG_WARN_BLOCK_CAPTURE_AUTORELEASING = YES;
				CLANG_WARN_BOOL_CONVERSION = YES;
				CLANG_WARN_COMMA = YES;
				CLANG_WARN_CONSTANT_CONVERSION = YES;
				CLANG_WARN_DEPRECATED_OBJC_IMPLEMENTATIONS = YES;
				CLANG_WARN_DIRECT_OBJC_ISA_USAGE = YES_ERROR;
				CLANG_WARN_DOCUMENTATION_COMMENTS = YES;
				CLANG_WARN_EMPTY_BODY = YES;
				CLANG_WARN_ENUM_CONVERSION = YES;
				CLANG_WARN_INFINITE_RECURSION = YES;
				CLANG_WARN_INT_CONVERSION = YES;
				CLANG_WARN_NON_LITERAL_NULL_CONVERSION = YES;
				CLANG_WARN_OBJC_IMPLICIT_RETAIN_SELF = YES;
				CLANG_WARN_OBJC_LITERAL_CONVERSION = YES;
				CLANG_WARN_OBJC_ROOT_CLASS = YES_ERROR;
				CLANG_WARN_QUOTED_INCLUDE_IN_FRAMEWORK_HEADER = YES;
				CLANG_WARN_RANGE_LOOP_ANALYSIS = YES;
				CLANG_WARN_STRICT_PROTOTYPES = YES;
				CLANG_WARN_SUSPICIOUS_MOVE = YES;
				CLANG_WARN_UNGUARDED_AVAILABILITY = YES_AGGRESSIVE;
				CLANG_WARN_UNREACHABLE_CODE = YES;
				CLANG_WARN__DUPLICATE_METHOD_MATCH = YES;
				COPY_PHASE_STRIP = NO;
				DEBUG_INFORMATION_FORMAT = "dwarf-with-dsym";
				ENABLE_NS_ASSERTIONS = NO;
				ENABLE_STRICT_OBJC_MSGSEND = YES;
				GCC_C_LANGUAGE_STANDARD = gnu11;
				GCC_NO_COMMON_BLOCKS = YES;
				GCC_WARN_64_TO_32_BIT_CONVERSION = YES;
				GCC_WARN_ABOUT_RETURN_TYPE = YES_ERROR;
				GCC_WARN_UNDECLARED_SELECTOR = YES;
				GCC_WARN_UNINITIALIZED_AUTOS = YES_AGGRESSIVE;
				GCC_WARN_UNUSED_FUNCTION = YES;
				GCC_WARN_UNUSED_VARIABLE = YES;
				MTL_ENABLE_DEBUG_INFO = NO;
				MTL_FAST_MATH = YES;
				SWIFT_COMPILATION_MODE = wholemodule;
				SWIFT_OPTIMIZATION_LEVEL = "-O";
			};
			name = Release;
		};
		AE4575BA2A08D5DE0003E19D /* Debug */ = {
			isa = XCBuildConfiguration;
			buildSettings = {
				ASSETCATALOG_COMPILER_APPICON_NAME = AppIcon;
				ASSETCATALOG_COMPILER_GLOBAL_ACCENT_COLOR_NAME = AccentColor;
				CODE_SIGN_ENTITLEMENTS = epg/epg.entitlements;
				CODE_SIGN_STYLE = Automatic;
				CURRENT_PROJECT_VERSION = 1;
				DEVELOPMENT_ASSET_PATHS = "\"epg/Preview Content\"";
				ENABLE_PREVIEWS = YES;
				GENERATE_INFOPLIST_FILE = YES;
				"INFOPLIST_KEY_UIApplicationSceneManifest_Generation[sdk=iphoneos*]" = YES;
				"INFOPLIST_KEY_UIApplicationSceneManifest_Generation[sdk=iphonesimulator*]" = YES;
				"INFOPLIST_KEY_UIApplicationSupportsIndirectInputEvents[sdk=iphoneos*]" = YES;
				"INFOPLIST_KEY_UIApplicationSupportsIndirectInputEvents[sdk=iphonesimulator*]" = YES;
				"INFOPLIST_KEY_UILaunchScreen_Generation[sdk=iphoneos*]" = YES;
				"INFOPLIST_KEY_UILaunchScreen_Generation[sdk=iphonesimulator*]" = YES;
				"INFOPLIST_KEY_UIStatusBarStyle[sdk=iphoneos*]" = UIStatusBarStyleDefault;
				"INFOPLIST_KEY_UIStatusBarStyle[sdk=iphonesimulator*]" = UIStatusBarStyleDefault;
				INFOPLIST_KEY_UISupportedInterfaceOrientations_iPad = "UIInterfaceOrientationPortrait UIInterfaceOrientationPortraitUpsideDown UIInterfaceOrientationLandscapeLeft UIInterfaceOrientationLandscapeRight";
				INFOPLIST_KEY_UISupportedInterfaceOrientations_iPhone = "UIInterfaceOrientationPortrait UIInterfaceOrientationLandscapeLeft UIInterfaceOrientationLandscapeRight";
				IPHONEOS_DEPLOYMENT_TARGET = 16.4;
				LD_RUNPATH_SEARCH_PATHS = "@executable_path/Frameworks";
				"LD_RUNPATH_SEARCH_PATHS[sdk=macosx*]" = "@executable_path/../Frameworks";
				MACOSX_DEPLOYMENT_TARGET = 13.3;
				MARKETING_VERSION = 1.0;
				PRODUCT_BUNDLE_IDENTIFIER = de.mistatee.epg;
				PRODUCT_NAME = "$(TARGET_NAME)";
				SDKROOT = auto;
				SUPPORTED_PLATFORMS = "appletvos appletvsimulator iphoneos iphonesimulator macosx";
				SUPPORTS_MACCATALYST = NO;
				SUPPORTS_MAC_DESIGNED_FOR_IPHONE_IPAD = NO;
				SWIFT_EMIT_LOC_STRINGS = YES;
				SWIFT_VERSION = 5.0;
				TARGETED_DEVICE_FAMILY = "1,2,3";
			};
			name = Debug;
		};
		AE4575BB2A08D5DE0003E19D /* Release */ = {
			isa = XCBuildConfiguration;
			buildSettings = {
				ASSETCATALOG_COMPILER_APPICON_NAME = AppIcon;
				ASSETCATALOG_COMPILER_GLOBAL_ACCENT_COLOR_NAME = AccentColor;
				CODE_SIGN_ENTITLEMENTS = epg/epg.entitlements;
				CODE_SIGN_STYLE = Automatic;
				CURRENT_PROJECT_VERSION = 1;
				DEVELOPMENT_ASSET_PATHS = "\"epg/Preview Content\"";
				ENABLE_PREVIEWS = YES;
				GENERATE_INFOPLIST_FILE = YES;
				"INFOPLIST_KEY_UIApplicationSceneManifest_Generation[sdk=iphoneos*]" = YES;
				"INFOPLIST_KEY_UIApplicationSceneManifest_Generation[sdk=iphonesimulator*]" = YES;
				"INFOPLIST_KEY_UIApplicationSupportsIndirectInputEvents[sdk=iphoneos*]" = YES;
				"INFOPLIST_KEY_UIApplicationSupportsIndirectInputEvents[sdk=iphonesimulator*]" = YES;
				"INFOPLIST_KEY_UILaunchScreen_Generation[sdk=iphoneos*]" = YES;
				"INFOPLIST_KEY_UILaunchScreen_Generation[sdk=iphonesimulator*]" = YES;
				"INFOPLIST_KEY_UIStatusBarStyle[sdk=iphoneos*]" = UIStatusBarStyleDefault;
				"INFOPLIST_KEY_UIStatusBarStyle[sdk=iphonesimulator*]" = UIStatusBarStyleDefault;
				INFOPLIST_KEY_UISupportedInterfaceOrientations_iPad = "UIInterfaceOrientationPortrait UIInterfaceOrientationPortraitUpsideDown UIInterfaceOrientationLandscapeLeft UIInterfaceOrientationLandscapeRight";
				INFOPLIST_KEY_UISupportedInterfaceOrientations_iPhone = "UIInterfaceOrientationPortrait UIInterfaceOrientationLandscapeLeft UIInterfaceOrientationLandscapeRight";
				IPHONEOS_DEPLOYMENT_TARGET = 16.4;
				LD_RUNPATH_SEARCH_PATHS = "@executable_path/Frameworks";
				"LD_RUNPATH_SEARCH_PATHS[sdk=macosx*]" = "@executable_path/../Frameworks";
				MACOSX_DEPLOYMENT_TARGET = 13.3;
				MARKETING_VERSION = 1.0;
				PRODUCT_BUNDLE_IDENTIFIER = de.mistatee.epg;
				PRODUCT_NAME = "$(TARGET_NAME)";
				SDKROOT = auto;
				SUPPORTED_PLATFORMS = "appletvos appletvsimulator iphoneos iphonesimulator macosx";
				SUPPORTS_MACCATALYST = NO;
				SUPPORTS_MAC_DESIGNED_FOR_IPHONE_IPAD = NO;
				SWIFT_EMIT_LOC_STRINGS = YES;
				SWIFT_VERSION = 5.0;
				TARGETED_DEVICE_FAMILY = "1,2,3";
			};
			name = Release;
		};
		AE4575BD2A08D5DE0003E19D /* Debug */ = {
			isa = XCBuildConfiguration;
			buildSettings = {
				ALWAYS_EMBED_SWIFT_STANDARD_LIBRARIES = YES;
				BUNDLE_LOADER = "$(TEST_HOST)";
				CODE_SIGN_STYLE = Automatic;
				CURRENT_PROJECT_VERSION = 1;
				GENERATE_INFOPLIST_FILE = YES;
				IPHONEOS_DEPLOYMENT_TARGET = 16.4;
				MACOSX_DEPLOYMENT_TARGET = 13.3;
				MARKETING_VERSION = 1.0;
				PRODUCT_BUNDLE_IDENTIFIER = de.mistatee.epgTests;
				PRODUCT_NAME = "$(TARGET_NAME)";
				SDKROOT = auto;
				SUPPORTED_PLATFORMS = "iphoneos iphonesimulator macosx";
				SWIFT_EMIT_LOC_STRINGS = NO;
				SWIFT_VERSION = 5.0;
				TARGETED_DEVICE_FAMILY = "1,2";
				TEST_HOST = "$(BUILT_PRODUCTS_DIR)/epg.app/$(BUNDLE_EXECUTABLE_FOLDER_PATH)/epg";
			};
			name = Debug;
		};
		AE4575BE2A08D5DE0003E19D /* Release */ = {
			isa = XCBuildConfiguration;
			buildSettings = {
				ALWAYS_EMBED_SWIFT_STANDARD_LIBRARIES = YES;
				BUNDLE_LOADER = "$(TEST_HOST)";
				CODE_SIGN_STYLE = Automatic;
				CURRENT_PROJECT_VERSION = 1;
				GENERATE_INFOPLIST_FILE = YES;
				IPHONEOS_DEPLOYMENT_TARGET = 16.4;
				MACOSX_DEPLOYMENT_TARGET = 13.3;
				MARKETING_VERSION = 1.0;
				PRODUCT_BUNDLE_IDENTIFIER = de.mistatee.epgTests;
				PRODUCT_NAME = "$(TARGET_NAME)";
				SDKROOT = auto;
				SUPPORTED_PLATFORMS = "iphoneos iphonesimulator macosx";
				SWIFT_EMIT_LOC_STRINGS = NO;
				SWIFT_VERSION = 5.0;
				TARGETED_DEVICE_FAMILY = "1,2";
				TEST_HOST = "$(BUILT_PRODUCTS_DIR)/epg.app/$(BUNDLE_EXECUTABLE_FOLDER_PATH)/epg";
			};
			name = Release;
		};
		AE4575C02A08D5DE0003E19D /* Debug */ = {
			isa = XCBuildConfiguration;
			buildSettings = {
				ALWAYS_EMBED_SWIFT_STANDARD_LIBRARIES = YES;
				CODE_SIGN_STYLE = Automatic;
				CURRENT_PROJECT_VERSION = 1;
				GENERATE_INFOPLIST_FILE = YES;
				IPHONEOS_DEPLOYMENT_TARGET = 16.4;
				MACOSX_DEPLOYMENT_TARGET = 13.3;
				MARKETING_VERSION = 1.0;
				PRODUCT_BUNDLE_IDENTIFIER = de.mistatee.epgUITests;
				PRODUCT_NAME = "$(TARGET_NAME)";
				SDKROOT = auto;
				SUPPORTED_PLATFORMS = "iphoneos iphonesimulator macosx";
				SWIFT_EMIT_LOC_STRINGS = NO;
				SWIFT_VERSION = 5.0;
				TARGETED_DEVICE_FAMILY = "1,2";
				TEST_TARGET_NAME = epg;
			};
			name = Debug;
		};
		AE4575C12A08D5DE0003E19D /* Release */ = {
			isa = XCBuildConfiguration;
			buildSettings = {
				ALWAYS_EMBED_SWIFT_STANDARD_LIBRARIES = YES;
				CODE_SIGN_STYLE = Automatic;
				CURRENT_PROJECT_VERSION = 1;
				GENERATE_INFOPLIST_FILE = YES;
				IPHONEOS_DEPLOYMENT_TARGET = 16.4;
				MACOSX_DEPLOYMENT_TARGET = 13.3;
				MARKETING_VERSION = 1.0;
				PRODUCT_BUNDLE_IDENTIFIER = de.mistatee.epgUITests;
				PRODUCT_NAME = "$(TARGET_NAME)";
				SDKROOT = auto;
				SUPPORTED_PLATFORMS = "iphoneos iphonesimulator macosx";
				SWIFT_EMIT_LOC_STRINGS = NO;
				SWIFT_VERSION = 5.0;
				TARGETED_DEVICE_FAMILY = "1,2";
				TEST_TARGET_NAME = epg;
			};
			name = Release;
		};
/* End XCBuildConfiguration section */

/* Begin XCConfigurationList section */
		AE45758F2A08D5DD0003E19D /* Build configuration list for PBXProject "epg" */ = {
			isa = XCConfigurationList;
			buildConfigurations = (
				AE4575B72A08D5DE0003E19D /* Debug */,
				AE4575B82A08D5DE0003E19D /* Release */,
			);
			defaultConfigurationIsVisible = 0;
			defaultConfigurationName = Release;
		};
		AE4575B92A08D5DE0003E19D /* Build configuration list for PBXNativeTarget "epg" */ = {
			isa = XCConfigurationList;
			buildConfigurations = (
				AE4575BA2A08D5DE0003E19D /* Debug */,
				AE4575BB2A08D5DE0003E19D /* Release */,
			);
			defaultConfigurationIsVisible = 0;
			defaultConfigurationName = Release;
		};
		AE4575BC2A08D5DE0003E19D /* Build configuration list for PBXNativeTarget "epgTests" */ = {
			isa = XCConfigurationList;
			buildConfigurations = (
				AE4575BD2A08D5DE0003E19D /* Debug */,
				AE4575BE2A08D5DE0003E19D /* Release */,
			);
			defaultConfigurationIsVisible = 0;
			defaultConfigurationName = Release;
		};
		AE4575BF2A08D5DE0003E19D /* Build configuration list for PBXNativeTarget "epgUITests" */ = {
			isa = XCConfigurationList;
			buildConfigurations = (
				AE4575C02A08D5DE0003E19D /* Debug */,
				AE4575C12A08D5DE0003E19D /* Release */,
			);
			defaultConfigurationIsVisible = 0;
			defaultConfigurationName = Release;
		};
/* End XCConfigurationList section */

/* Begin XCRemoteSwiftPackageReference section */
		AE4575E82A091BF70003E19D /* XCRemoteSwiftPackageReference "XMLCoder" */ = {
			isa = XCRemoteSwiftPackageReference;
			repositoryURL = "https://github.com/CoreOffice/XMLCoder.git";
			requirement = {
				kind = upToNextMajorVersion;
				minimumVersion = 0.17.0;
			};
		};
		AE519A092A0CDFCD00D701E7 /* XCRemoteSwiftPackageReference "Nuke" */ = {
			isa = XCRemoteSwiftPackageReference;
			repositoryURL = "https://github.com/kean/Nuke";
			requirement = {
				kind = upToNextMajorVersion;
				minimumVersion = 12.0.0;
			};
		};
/* End XCRemoteSwiftPackageReference section */

/* Begin XCSwiftPackageProductDependency section */
		AE4575E92A091BF70003E19D /* XMLCoder */ = {
			isa = XCSwiftPackageProductDependency;
			package = AE4575E82A091BF70003E19D /* XCRemoteSwiftPackageReference "XMLCoder" */;
			productName = XMLCoder;
		};
		AE519A0A2A0CDFCD00D701E7 /* NukeUI */ = {
			isa = XCSwiftPackageProductDependency;
			package = AE519A092A0CDFCD00D701E7 /* XCRemoteSwiftPackageReference "Nuke" */;
			productName = NukeUI;
		};
/* End XCSwiftPackageProductDependency section */

/* Begin XCVersionGroup section */
		AE45763D2A094FF60003E19D /* EpgModel.xcdatamodeld */ = {
			isa = XCVersionGroup;
			children = (
				AE45763E2A094FF60003E19D /* EpgModel.xcdatamodel */,
			);
			currentVersion = AE45763E2A094FF60003E19D /* EpgModel.xcdatamodel */;
			path = EpgModel.xcdatamodeld;
			sourceTree = "<group>";
			versionGroupType = wrapper.xcdatamodel;
		};
/* End XCVersionGroup section */
	};
	rootObject = AE45758C2A08D5DD0003E19D /* Project object */;
}
