{
  "pins" : [
    {
      "identity" : "xmlcoder",
      "kind" : "remoteSourceControl",
      "location" : "https://github.com/CoreOffice/XMLCoder.git",
      "state" : {
        "revision" : "80b4a1646399b8e4e0ce80711653476a85bd5e37",
        "version" : "0.17.0"
      }
    }
  ],
  "version" : 2
}
