{
  "pins" : [
    {
      "identity" : "nuke",
      "kind" : "remoteSourceControl",
      "location" : "https://github.com/kean/Nuke",
      "state" : {
        "revision" : "f4d9b95788679d0654c032961f73e7e9c16ca6b4",
        "version" : "12.1.0"
      }
    },
    {
      "identity" : "xmlcoder",
      "kind" : "remoteSourceControl",
      "location" : "https://github.com/CoreOffice/XMLCoder.git",
      "state" : {
        "revision" : "80b4a1646399b8e4e0ce80711653476a85bd5e37",
        "version" : "0.17.0"
      }
    }
  ],
  "version" : 2
}
